
Microsoft Visual Studio Solution File, Format Version 12.00
# Visual Studio 2013
VisualStudioVersion = 12.0.31101.0
MinimumVisualStudioVersion = 10.0.40219.1
Project("{FAE04EC0-301F-11D3-BF4B-00C04F79EFBC}") = "DairyWeb", "DairyWeb\DairyWeb.csproj", "{C9C720DA-25CF-4F65-8479-340CD9396D0C}"
EndProject
Project("{FAE04EC0-301F-11D3-BF4B-00C04F79EFBC}") = "DairyData", "DairyData\DairyData.csproj", "{54BE58B1-48AA-4996-A19B-18C92C33D93D}"
EndProject
Project("{FAE04EC0-301F-11D3-BF4B-00C04F79EFBC}") = "DairyModel", "DairyModel\DairyModel.csproj", "{7BADDC12-7993-4200-8F66-99D37E1656A3}"
EndProject
Global
	GlobalSection(SolutionConfigurationPlatforms) = preSolution
		Debug|Any CPU = Debug|Any CPU
		Release|Any CPU = Release|Any CPU
	EndGlobalSection
	GlobalSection(ProjectConfigurationPlatforms) = postSolution
		{C9C720DA-25CF-4F65-8479-340CD9396D0C}.Debug|Any CPU.ActiveCfg = Debug|Any CPU
		{C9C720DA-25CF-4F65-8479-340CD9396D0C}.Debug|Any CPU.Build.0 = Debug|Any CPU
		{C9C720DA-25CF-4F65-8479-340CD9396D0C}.Release|Any CPU.ActiveCfg = Release|Any CPU
		{C9C720DA-25CF-4F65-8479-340CD9396D0C}.Release|Any CPU.Build.0 = Release|Any CPU
		{54BE58B1-48AA-4996-A19B-18C92C33D93D}.Debug|Any CPU.ActiveCfg = Debug|Any CPU
		{54BE58B1-48AA-4996-A19B-18C92C33D93D}.Debug|Any CPU.Build.0 = Debug|Any CPU
		{54BE58B1-48AA-4996-A19B-18C92C33D93D}.Release|Any CPU.ActiveCfg = Release|Any CPU
		{54BE58B1-48AA-4996-A19B-18C92C33D93D}.Release|Any CPU.Build.0 = Release|Any CPU
		{7BADDC12-7993-4200-8F66-99D37E1656A3}.Debug|Any CPU.ActiveCfg = Debug|Any CPU
		{7BADDC12-7993-4200-8F66-99D37E1656A3}.Debug|Any CPU.Build.0 = Debug|Any CPU
		{7BADDC12-7993-4200-8F66-99D37E1656A3}.Release|Any CPU.ActiveCfg = Release|Any CPU
		{7BADDC12-7993-4200-8F66-99D37E1656A3}.Release|Any CPU.Build.0 = Release|Any CPU
	EndGlobalSection
	GlobalSection(SolutionProperties) = preSolution
		HideSolutionNode = FALSE
	EndGlobalSection
EndGlobal
